
Microsoft Visual Studio Solution File, Format Version 12.00
# Visual Studio 15
VisualStudioVersion = 15.0.27428.2043
MinimumVisualStudioVersion = 10.0.40219.1
Project("{FAE04EC0-301F-11D3-BF4B-00C04F79EFBC}") = "GWStatusReport", "GWStatusReport\GWStatusReport.csproj", "{5C1F9550-315D-4FFC-B78E-6798C8D052FF}"
EndProject
Global
	GlobalSection(SolutionConfigurationPlatforms) = preSolution
		Debug|Any CPU = Debug|Any CPU
		Release|Any CPU = Release|Any CPU
	EndGlobalSection
	GlobalSection(ProjectConfigurationPlatforms) = postSolution
		{5C1F9550-315D-4FFC-B78E-6798C8D052FF}.Debug|Any CPU.ActiveCfg = Debug|Any CPU
		{5C1F9550-315D-4FFC-B78E-6798C8D052FF}.Debug|Any CPU.Build.0 = Debug|Any CPU
		{5C1F9550-315D-4FFC-B78E-6798C8D052FF}.Release|Any CPU.ActiveCfg = Release|Any CPU
		{5C1F9550-315D-4FFC-B78E-6798C8D052FF}.Release|Any CPU.Build.0 = Release|Any CPU
	EndGlobalSection
	GlobalSection(SolutionProperties) = preSolution
		HideSolutionNode = FALSE
	EndGlobalSection
	GlobalSection(ExtensibilityGlobals) = postSolution
		SolutionGuid = {20673639-8AF7-428B-A63B-A2E0D615CCC8}
	EndGlobalSection
EndGlobal
